
Microsoft Visual Studio Solution File, Format Version 12.00
# Visual Studio Version 16
VisualStudioVersion = 16.0.30804.86
MinimumVisualStudioVersion = 10.0.40219.1
Project("{FAE04EC0-301F-11D3-BF4B-00C04F79EFBC}") = "NAVETing", "NAVETing\NAVETing.csproj", "{1137FC14-A77A-4F4C-A88F-18534DF8239A}"
EndProject
Global
	GlobalSection(SolutionConfigurationPlatforms) = preSolution
		Debug|Any CPU = Debug|Any CPU
		Release|Any CPU = Release|Any CPU
	EndGlobalSection
	GlobalSection(ProjectConfigurationPlatforms) = postSolution
		{1137FC14-A77A-4F4C-A88F-18534DF8239A}.Debug|Any CPU.ActiveCfg = Debug|Any CPU
		{1137FC14-A77A-4F4C-A88F-18534DF8239A}.Debug|Any CPU.Build.0 = Debug|Any CPU
		{1137FC14-A77A-4F4C-A88F-18534DF8239A}.Debug|Any CPU.Deploy.0 = Debug|Any CPU
		{1137FC14-A77A-4F4C-A88F-18534DF8239A}.Release|Any CPU.ActiveCfg = Release|Any CPU
		{1137FC14-A77A-4F4C-A88F-18534DF8239A}.Release|Any CPU.Build.0 = Release|Any CPU
		{1137FC14-A77A-4F4C-A88F-18534DF8239A}.Release|Any CPU.Deploy.0 = Release|Any CPU
	EndGlobalSection
	GlobalSection(SolutionProperties) = preSolution
		HideSolutionNode = FALSE
	EndGlobalSection
	GlobalSection(ExtensibilityGlobals) = postSolution
		SolutionGuid = {EC78ECAF-8004-4364-99E8-499FFF158EB1}
	EndGlobalSection
EndGlobal
